
Microsoft Visual Studio Solution File, Format Version 12.00
# Visual Studio Version 17
VisualStudioVersion = 17.11.35327.3
MinimumVisualStudioVersion = 10.0.40219.1
Project("{FAE04EC0-301F-11D3-BF4B-00C04F79EFBC}") = "QuanLyCuaHangTV", "QuanLyCuaHangTV\QuanLyCuaHangTV.csproj", "{5399D72A-4291-4468-9C8B-942AA8E0A6F4}"
EndProject
Global
	GlobalSection(SolutionConfigurationPlatforms) = preSolution
		Debug|Any CPU = Debug|Any CPU
		Release|Any CPU = Release|Any CPU
	EndGlobalSection
	GlobalSection(ProjectConfigurationPlatforms) = postSolution
		{5399D72A-4291-4468-9C8B-942AA8E0A6F4}.Debug|Any CPU.ActiveCfg = Debug|Any CPU
		{5399D72A-4291-4468-9C8B-942AA8E0A6F4}.Debug|Any CPU.Build.0 = Debug|Any CPU
		{5399D72A-4291-4468-9C8B-942AA8E0A6F4}.Release|Any CPU.ActiveCfg = Release|Any CPU
		{5399D72A-4291-4468-9C8B-942AA8E0A6F4}.Release|Any CPU.Build.0 = Release|Any CPU
	EndGlobalSection
	GlobalSection(SolutionProperties) = preSolution
		HideSolutionNode = FALSE
	EndGlobalSection
	GlobalSection(ExtensibilityGlobals) = postSolution
		SolutionGuid = {A3FD3A5F-08EB-4EE8-AAA8-60BACED43CAF}
	EndGlobalSection
EndGlobal
